// !$*UTF8*$!
{
	archiveVersion = 1;
	classes = {
	};
	objectVersion = 48;
	objects = {

/* Begin PBXBuildFile section */
		379348E91F495B6400B0618D /* AppDelegate.swift in Sources */ = {isa = PBXBuildFile; fileRef = 379348E81F495B6400B0618D /* AppDelegate.swift */; };
		379348EE1F495B6400B0618D /* Main.storyboard in Resources */ = {isa = PBXBuildFile; fileRef = 379348EC1F495B6400B0618D /* Main.storyboard */; };
		379348F01F495B6400B0618D /* Assets.xcassets in Resources */ = {isa = PBXBuildFile; fileRef = 379348EF1F495B6400B0618D /* Assets.xcassets */; };
		379348F31F495B6400B0618D /* LaunchScreen.storyboard in Resources */ = {isa = PBXBuildFile; fileRef = 379348F11F495B6400B0618D /* LaunchScreen.storyboard */; };
		379348FE1F495B7500B0618D /* FriendsTableViewController.swift in Sources */ = {isa = PBXBuildFile; fileRef = 379348FA1F495B7400B0618D /* FriendsTableViewController.swift */; };
		379348FF1F495B7500B0618D /* HeadView.swift in Sources */ = {isa = PBXBuildFile; fileRef = 379348FB1F495B7500B0618D /* HeadView.swift */; };
		379349001F495B7500B0618D /* StudentModel.swift in Sources */ = {isa = PBXBuildFile; fileRef = 379348FC1F495B7500B0618D /* StudentModel.swift */; };
		379349011F495B7500B0618D /* ClassModel.swift in Sources */ = {isa = PBXBuildFile; fileRef = 379348FD1F495B7500B0618D /* ClassModel.swift */; };
/* End PBXBuildFile section */

/* Begin PBXFileReference section */
		379348E51F495B6400B0618D /* Group.app */ = {isa = PBXFileReference; explicitFileType = wrapper.application; includeInIndex = 0; path = Group.app; sourceTree = BUILT_PRODUCTS_DIR; };
		379348E81F495B6400B0618D /* AppDelegate.swift */ = {isa = PBXFileReference; lastKnownFileType = sourcecode.swift; path = AppDelegate.swift; sourceTree = "<group>"; };
		379348ED1F495B6400B0618D /* Base */ = {isa = PBXFileReference; lastKnownFileType = file.storyboard; name = Base; path = Base.lproj/Main.storyboard; sourceTree = "<group>"; };
		379348EF1F495B6400B0618D /* Assets.xcassets */ = {isa = PBXFileReference; lastKnownFileType = folder.assetcatalog; path = Assets.xcassets; sourceTree = "<group>"; };
		379348F21F495B6400B0618D /* Base */ = {isa = PBXFileReference; lastKnownFileType = file.storyboard; name = Base; path = Base.lproj/LaunchScreen.storyboard; sourceTree = "<group>"; };
		379348F41F495B6400B0618D /* Info.plist */ = {isa = PBXFileReference; lastKnownFileType = text.plist.xml; path = Info.plist; sourceTree = "<group>"; };
		379348FA1F495B7400B0618D /* FriendsTableViewController.swift */ = {isa = PBXFileReference; lastKnownFileType = sourcecode.swift; path = FriendsTableViewController.swift; sourceTree = "<group>"; };
		379348FB1F495B7500B0618D /* HeadView.swift */ = {isa = PBXFileReference; lastKnownFileType = sourcecode.swift; path = HeadView.swift; sourceTree = "<group>"; };
		379348FC1F495B7500B0618D /* StudentModel.swift */ = {isa = PBXFileReference; lastKnownFileType = sourcecode.swift; path = StudentModel.swift; sourceTree = "<group>"; };
		379348FD1F495B7500B0618D /* ClassModel.swift */ = {isa = PBXFileReference; lastKnownFileType = sourcecode.swift; path = ClassModel.swift; sourceTree = "<group>"; };
/* End PBXFileReference section */

/* Begin PBXFrameworksBuildPhase section */
		379348E21F495B6400B0618D /* Frameworks */ = {
			isa = PBXFrameworksBuildPhase;
			buildActionMask = 2147483647;
			files = (
			);
			runOnlyForDeploymentPostprocessing = 0;
		};
/* End PBXFrameworksBuildPhase section */

/* Begin PBXGroup section */
		379348DC1F495B6400B0618D = {
			isa = PBXGroup;
			children = (
				379348E71F495B6400B0618D /* Group */,
				379348E61F495B6400B0618D /* Products */,
			);
			sourceTree = "<group>";
		};
		379348E61F495B6400B0618D /* Products */ = {
			isa = PBXGroup;
			children = (
				379348E51F495B6400B0618D /* Group.app */,
			);
			name = Products;
			sourceTree = "<group>";
		};
		379348E71F495B6400B0618D /* Group */ = {
			isa = PBXGroup;
			children = (
				379348E81F495B6400B0618D /* AppDelegate.swift */,
				379348FD1F495B7500B0618D /* ClassModel.swift */,
				379348FC1F495B7500B0618D /* StudentModel.swift */,
				379348FA1F495B7400B0618D /* FriendsTableViewController.swift */,
				379348FB1F495B7500B0618D /* HeadView.swift */,
				379348EC1F495B6400B0618D /* Main.storyboard */,
				379348EF1F495B6400B0618D /* Assets.xcassets */,
				379348F11F495B6400B0618D /* LaunchScreen.storyboard */,
				379348F41F495B6400B0618D /* Info.plist */,
			);
			path = Group;
			sourceTree = "<group>";
		};
/* End PBXGroup section */

/* Begin PBXNativeTarget section */
		379348E41F495B6400B0618D /* Group */ = {
			isa = PBXNativeTarget;
			buildConfigurationList = 379348F71F495B6400B0618D /* Build configuration list for PBXNativeTarget "Group" */;
			buildPhases = (
				379348E11F495B6400B0618D /* Sources */,
				379348E21F495B6400B0618D /* Frameworks */,
				379348E31F495B6400B0618D /* Resources */,
			);
			buildRules = (
			);
			dependencies = (
			);
			name = Group;
			productName = Group;
			productReference = 379348E51F495B6400B0618D /* Group.app */;
			productType = "com.apple.product-type.application";
		};
/* End PBXNativeTarget section */

/* Begin PBXProject section */
		379348DD1F495B6400B0618D /* Project object */ = {
			isa = PBXProject;
			attributes = {
				LastSwiftUpdateCheck = 0900;
				LastUpgradeCheck = 0900;
				ORGANIZATIONNAME = Kleinsche;
				TargetAttributes = {
					379348E41F495B6400B0618D = {
						CreatedOnToolsVersion = 9.0;
					};
				};
			};
			buildConfigurationList = 379348E01F495B6400B0618D /* Build configuration list for PBXProject "Group" */;
			compatibilityVersion = "Xcode 8.0";
			developmentRegion = en;
			hasScannedForEncodings = 0;
			knownRegions = (
				en,
				Base,
			);
			mainGroup = 379348DC1F495B6400B0618D;
			productRefGroup = 379348E61F495B6400B0618D /* Products */;
			projectDirPath = "";
			projectRoot = "";
			targets = (
				379348E41F495B6400B0618D /* Group */,
			);
		};
/* End PBXProject section */

/* Begin PBXResourcesBuildPhase section */
		379348E31F495B6400B0618D /* Resources */ = {
			isa = PBXResourcesBuildPhase;
			buildActionMask = 2147483647;
			files = (
				379348F31F495B6400B0618D /* LaunchScreen.storyboard in Resources */,
				379348F01F495B6400B0618D /* Assets.xcassets in Resources */,
				379348EE1F495B6400B0618D /* Main.storyboard in Resources */,
			);
			runOnlyForDeploymentPostprocessing = 0;
		};
/* End PBXResourcesBuildPhase section */

/* Begin PBXSourcesBuildPhase section */
		379348E11F495B6400B0618D /* Sources */ = {
			isa = PBXSourcesBuildPhase;
			buildActionMask = 2147483647;
			files = (
				379349011F495B7500B0618D /* ClassModel.swift in Sources */,
				379348E91F495B6400B0618D /* AppDelegate.swift in Sources */,
				379348FF1F495B7500B0618D /* HeadView.swift in Sources */,
				379349001F495B7500B0618D /* StudentModel.swift in Sources */,
				379348FE1F495B7500B0618D /* FriendsTableViewController.swift in Sources */,
			);
			runOnlyForDeploymentPostprocessing = 0;
		};
/* End PBXSourcesBuildPhase section */

/* Begin PBXVariantGroup section */
		379348EC1F495B6400B0618D /* Main.storyboard */ = {
			isa = PBXVariantGroup;
			children = (
				379348ED1F495B6400B0618D /* Base */,
			);
			name = Main.storyboard;
			sourceTree = "<group>";
		};
		379348F11F495B6400B0618D /* LaunchScreen.storyboard */ = {
			isa = PBXVariantGroup;
			children = (
				379348F21F495B6400B0618D /* Base */,
			);
			name = LaunchScreen.storyboard;
			sourceTree = "<group>";
		};
/* End PBXVariantGroup section */

/* Begin XCBuildConfiguration section */
		379348F51F495B6400B0618D /* Debug */ = {
			isa = XCBuildConfiguration;
			buildSettings = {
				ALWAYS_SEARCH_USER_PATHS = NO;
				CLANG_ANALYZER_NONNULL = YES;
				CLANG_ANALYZER_NUMBER_OBJECT_CONVERSION = YES_AGGRESSIVE;
				CLANG_CXX_LANGUAGE_STANDARD = "gnu++14";
				CLANG_CXX_LIBRARY = "libc++";
				CLANG_ENABLE_MODULES = YES;
				CLANG_ENABLE_OBJC_ARC = YES;
				CLANG_WARN_BLOCK_CAPTURE_AUTORELEASING = YES;
				CLANG_WARN_BOOL_CONVERSION = YES;
				CLANG_WARN_COMMA = YES;
				CLANG_WARN_CONSTANT_CONVERSION = YES;
				CLANG_WARN_DIRECT_OBJC_ISA_USAGE = YES_ERROR;
				CLANG_WARN_DOCUMENTATION_COMMENTS = YES;
				CLANG_WARN_EMPTY_BODY = YES;
				CLANG_WARN_ENUM_CONVERSION = YES;
				CLANG_WARN_INFINITE_RECURSION = YES;
				CLANG_WARN_INT_CONVERSION = YES;
				CLANG_WARN_NON_LITERAL_NULL_CONVERSION = YES;
				CLANG_WARN_OBJC_LITERAL_CONVERSION = YES;
				CLANG_WARN_OBJC_ROOT_CLASS = YES_ERROR;
				CLANG_WARN_RANGE_LOOP_ANALYSIS = YES;
				CLANG_WARN_STRICT_PROTOTYPES = YES;
				CLANG_WARN_SUSPICIOUS_MOVE = YES;
				CLANG_WARN_UNGUARDED_AVAILABILITY = YES_AGGRESSIVE;
				CLANG_WARN_UNREACHABLE_CODE = YES;
				CLANG_WARN__DUPLICATE_METHOD_MATCH = YES;
				CODE_SIGN_IDENTITY = "iPhone Developer";
				COPY_PHASE_STRIP = NO;
				DEBUG_INFORMATION_FORMAT = dwarf;
				ENABLE_STRICT_OBJC_MSGSEND = YES;
				ENABLE_TESTABILITY = YES;
				GCC_C_LANGUAGE_STANDARD = gnu11;
				GCC_DYNAMIC_NO_PIC = NO;
				GCC_NO_COMMON_BLOCKS = YES;
				GCC_OPTIMIZATION_LEVEL = 0;
				GCC_PREPROCESSOR_DEFINITIONS = (
					"DEBUG=1",
					"$(inherited)",
				);
				GCC_WARN_64_TO_32_BIT_CONVERSION = YES;
				GCC_WARN_ABOUT_RETURN_TYPE = YES_ERROR;
				GCC_WARN_UNDECLARED_SELECTOR = YES;
				GCC_WARN_UNINITIALIZED_AUTOS = YES_AGGRESSIVE;
				GCC_WARN_UNUSED_FUNCTION = YES;
				GCC_WARN_UNUSED_VARIABLE = YES;
				IPHONEOS_DEPLOYMENT_TARGET = 11.0;
				MTL_ENABLE_DEBUG_INFO = YES;
				ONLY_ACTIVE_ARCH = YES;
				SDKROOT = iphoneos;
				SWIFT_ACTIVE_COMPILATION_CONDITIONS = DEBUG;
				SWIFT_OPTIMIZATION_LEVEL = "-Onone";
			};
			name = Debug;
		};
		379348F61F495B6400B0618D /* Release */ = {
			isa = XCBuildConfiguration;
			buildSettings = {
				ALWAYS_SEARCH_USER_PATHS = NO;
				CLANG_ANALYZER_NONNULL = YES;
				CLANG_ANALYZER_NUMBER_OBJECT_CONVERSION = YES_AGGRESSIVE;
				CLANG_CXX_LANGUAGE_STANDARD = "gnu++14";
				CLANG_CXX_LIBRARY = "libc++";
				CLANG_ENABLE_MODULES = YES;
				CLANG_ENABLE_OBJC_ARC = YES;
				CLANG_WARN_BLOCK_CAPTURE_AUTORELEASING = YES;
				CLANG_WARN_BOOL_CONVERSION = YES;
				CLANG_WARN_COMMA = YES;
				CLANG_WARN_CONSTANT_CONVERSION = YES;
				CLANG_WARN_DIRECT_OBJC_ISA_USAGE = YES_ERROR;
				CLANG_WARN_DOCUMENTATION_COMMENTS = YES;
				CLANG_WARN_EMPTY_BODY = YES;
				CLANG_WARN_ENUM_CONVERSION = YES;
				CLANG_WARN_INFINITE_RECURSION = YES;
				CLANG_WARN_INT_CONVERSION = YES;
				CLANG_WARN_NON_LITERAL_NULL_CONVERSION = YES;
				CLANG_WARN_OBJC_LITERAL_CONVERSION = YES;
				CLANG_WARN_OBJC_ROOT_CLASS = YES_ERROR;
				CLANG_WARN_RANGE_LOOP_ANALYSIS = YES;
				CLANG_WARN_STRICT_PROTOTYPES = YES;
				CLANG_WARN_SUSPICIOUS_MOVE = YES;
				CLANG_WARN_UNGUARDED_AVAILABILITY = YES_AGGRESSIVE;
				CLANG_WARN_UNREACHABLE_CODE = YES;
				CLANG_WARN__DUPLICATE_METHOD_MATCH = YES;
				CODE_SIGN_IDENTITY = "iPhone Developer";
				COPY_PHASE_STRIP = NO;
				DEBUG_INFORMATION_FORMAT = "dwarf-with-dsym";
				ENABLE_NS_ASSERTIONS = NO;
				ENABLE_STRICT_OBJC_MSGSEND = YES;
				GCC_C_LANGUAGE_STANDARD = gnu11;
				GCC_NO_COMMON_BLOCKS = YES;
				GCC_WARN_64_TO_32_BIT_CONVERSION = YES;
				GCC_WARN_ABOUT_RETURN_TYPE = YES_ERROR;
				GCC_WARN_UNDECLARED_SELECTOR = YES;
				GCC_WARN_UNINITIALIZED_AUTOS = YES_AGGRESSIVE;
				GCC_WARN_UNUSED_FUNCTION = YES;
				GCC_WARN_UNUSED_VARIABLE = YES;
				IPHONEOS_DEPLOYMENT_TARGET = 11.0;
				MTL_ENABLE_DEBUG_INFO = NO;
				SDKROOT = iphoneos;
				SWIFT_OPTIMIZATION_LEVEL = "-Owholemodule";
				VALIDATE_PRODUCT = YES;
			};
			name = Release;
		};
		379348F81F495B6400B0618D /* Debug */ = {
			isa = XCBuildConfiguration;
			buildSettings = {
				ASSETCATALOG_COMPILER_APPICON_NAME = AppIcon;
				INFOPLIST_FILE = Group/Info.plist;
				LD_RUNPATH_SEARCH_PATHS = "$(inherited) @executable_path/Frameworks";
				PRODUCT_BUNDLE_IDENTIFIER = com.kleinsche.Group;
				PRODUCT_NAME = "$(TARGET_NAME)";
				SWIFT_VERSION = 4.0;
				TARGETED_DEVICE_FAMILY = "1,2";
			};
			name = Debug;
		};
		379348F91F495B6400B0618D /* Release */ = {
			isa = XCBuildConfiguration;
			buildSettings = {
				ASSETCATALOG_COMPILER_APPICON_NAME = AppIcon;
				INFOPLIST_FILE = Group/Info.plist;
				LD_RUNPATH_SEARCH_PATHS = "$(inherited) @executable_path/Frameworks";
				PRODUCT_BUNDLE_IDENTIFIER = com.kleinsche.Group;
				PRODUCT_NAME = "$(TARGET_NAME)";
				SWIFT_VERSION = 4.0;
				TARGETED_DEVICE_FAMILY = "1,2";
			};
			name = Release;
		};
/* End XCBuildConfiguration section */

/* Begin XCConfigurationList section */
		379348E01F495B6400B0618D /* Build configuration list for PBXProject "Group" */ = {
			isa = XCConfigurationList;
			buildConfigurations = (
				379348F51F495B6400B0618D /* Debug */,
				379348F61F495B6400B0618D /* Release */,
			);
			defaultConfigurationIsVisible = 0;
			defaultConfigurationName = Release;
		};
		379348F71F495B6400B0618D /* Build configuration list for PBXNativeTarget "Group" */ = {
			isa = XCConfigurationList;
			buildConfigurations = (
				379348F81F495B6400B0618D /* Debug */,
				379348F91F495B6400B0618D /* Release */,
			);
			defaultConfigurationIsVisible = 0;
			defaultConfigurationName = Release;
		};
/* End XCConfigurationList section */
	};
	rootObject = 379348DD1F495B6400B0618D /* Project object */;
}
